
Microsoft Visual Studio Solution File, Format Version 12.00
# Visual Studio Version 17
VisualStudioVersion = 17.6.33723.286
MinimumVisualStudioVersion = 10.0.40219.1
Project("{FAE04EC0-301F-11D3-BF4B-00C04F79EFBC}") = "InternAPI", "InternAPI\InternAPI.csproj", "{2237022C-ADAA-437A-B7FC-465FDD9D6321}"
EndProject
Global
	GlobalSection(SolutionConfigurationPlatforms) = preSolution
		Debug|Any CPU = Debug|Any CPU
		Release|Any CPU = Release|Any CPU
	EndGlobalSection
	GlobalSection(ProjectConfigurationPlatforms) = postSolution
		{2237022C-ADAA-437A-B7FC-465FDD9D6321}.Debug|Any CPU.ActiveCfg = Debug|Any CPU
		{2237022C-ADAA-437A-B7FC-465FDD9D6321}.Debug|Any CPU.Build.0 = Debug|Any CPU
		{2237022C-ADAA-437A-B7FC-465FDD9D6321}.Release|Any CPU.ActiveCfg = Release|Any CPU
		{2237022C-ADAA-437A-B7FC-465FDD9D6321}.Release|Any CPU.Build.0 = Release|Any CPU
	EndGlobalSection
	GlobalSection(SolutionProperties) = preSolution
		HideSolutionNode = FALSE
	EndGlobalSection
	GlobalSection(ExtensibilityGlobals) = postSolution
		SolutionGuid = {86D3721A-37FD-46A3-81FC-B127CFFD41A9}
	EndGlobalSection
EndGlobal
